PODS:
  - FetchKCD (0.1.2)
  - Gifu (1.0.1)
  - ImageScrollView (1.0)
  - MBProgressHUD (0.9.2)
  - ReachabilitySwift (2.3.3)

DEPENDENCIES:
  - FetchKCD
  - Gifu
  - ImageScrollView (from `https://github.com/huynguyencong/ImageScrollView.git`)
  - MBProgressHUD (~> 0.9.2)
  - ReachabilitySwift (from `https://github.com/ashleymills/Reachability.swift`)

EXTERNAL SOURCES:
  ImageScrollView:
    :git: https://github.com/huynguyencong/ImageScrollView.git
  ReachabilitySwift:
    :git: https://github.com/ashleymills/Reachability.swift

CHECKOUT OPTIONS:
  ImageScrollView:
    :commit: 718a2ba2a6fd0bcfdfa3a269a10be4ad46a17eca
    :git: https://github.com/huynguyencong/ImageScrollView.git
  ReachabilitySwift:
    :commit: fa90df50c04f5743fbdf643cbe8d10562d75673d
    :git: https://github.com/ashleymills/Reachability.swift

SPEC CHECKSUMS:
  FetchKCD: f5536df8dd06d9b5dd5c1cc7ebce0d4b8e30a3a2
  Gifu: bf7a99fe9f20a1dc18c3cb4289aebc922a2ad419
  ImageScrollView: 010ef269c7481e7506e5790eb61987cc8ed403ee
  MBProgressHUD: 1569cf7ace17a8bac47aabfbb8580a49690386d1
  ReachabilitySwift: e0f6b6f280effb47731acfaaa2d5ffe223703793

COCOAPODS: 0.39.0
